
Microsoft Visual Studio Solution File, Format Version 12.00
# Visual Studio Version 17
VisualStudioVersion = 17.5.33516.290
MinimumVisualStudioVersion = 10.0.40219.1
Project("{FAE04EC0-301F-11D3-BF4B-00C04F79EFBC}") = "MyApp", "MyApp\MyApp.csproj", "{2BDE3027-EE05-40C5-9488-F781ADAE516F}"
EndProject
Project("{2150E333-8FDC-42A3-9474-1A3956D46DE8}") = "Элементы решения", "Элементы решения", "{F7BF0764-767B-4EF6-B37B-E1CB361DFC78}"
	ProjectSection(SolutionItems) = preProject
		.gitignore = .gitignore
	EndProjectSection
EndProject
Global
	GlobalSection(SolutionConfigurationPlatforms) = preSolution
		Debug|Any CPU = Debug|Any CPU
		Release|Any CPU = Release|Any CPU
	EndGlobalSection
	GlobalSection(ProjectConfigurationPlatforms) = postSolution
		{2BDE3027-EE05-40C5-9488-F781ADAE516F}.Debug|Any CPU.ActiveCfg = Debug|Any CPU
		{2BDE3027-EE05-40C5-9488-F781ADAE516F}.Debug|Any CPU.Build.0 = Debug|Any CPU
		{2BDE3027-EE05-40C5-9488-F781ADAE516F}.Release|Any CPU.ActiveCfg = Release|Any CPU
		{2BDE3027-EE05-40C5-9488-F781ADAE516F}.Release|Any CPU.Build.0 = Release|Any CPU
	EndGlobalSection
	GlobalSection(SolutionProperties) = preSolution
		HideSolutionNode = FALSE
	EndGlobalSection
	GlobalSection(ExtensibilityGlobals) = postSolution
		SolutionGuid = {9E6C1FF3-1F20-4ACE-8652-D7496D895074}
	EndGlobalSection
EndGlobal
